version: 2.0
shards:
  clang:
    git: https://github.com/crystal-lang/clang.cr.git
    version: 0.3.0+git.commit.0d56959e75ba9c8bdff8085d6ed30e205ac0bebf

  crystal_lib:
    git: https://github.com/crystal-lang/crystal_lib.git
    version: 0.1.0+git.commit.1f3d115547aec439ed5347df4bec06b36a8ea3ae

  json_mapping:
    git: https://github.com/crystal-lang/json_mapping.cr.git
    version: 0.1.1+git.commit.7e063bd5af85446730d76efd337626d00ccc83e0

  yaml_mapping:
    git: https://github.com/crystal-lang/yaml_mapping.cr.git
    version: 0.1.1+git.commit.fc980ef51780ecd56c03f20f10066c3fa5f3f6a4

